
Microsoft Visual Studio Solution File, Format Version 12.00
# Visual Studio 15
VisualStudioVersion = 15.0.27703.2042
MinimumVisualStudioVersion = 10.0.40219.1
Project("{FAE04EC0-301F-11D3-BF4B-00C04F79EFBC}") = "PlanesApp", "PlanesApp\PlanesApp.csproj", "{9959C0C1-00EE-4332-A63B-099A7D0CD29D}"
EndProject
Global
	GlobalSection(SolutionConfigurationPlatforms) = preSolution
		Debug|Any CPU = Debug|Any CPU
		Release|Any CPU = Release|Any CPU
	EndGlobalSection
	GlobalSection(ProjectConfigurationPlatforms) = postSolution
		{9959C0C1-00EE-4332-A63B-099A7D0CD29D}.Debug|Any CPU.ActiveCfg = Debug|Any CPU
		{9959C0C1-00EE-4332-A63B-099A7D0CD29D}.Debug|Any CPU.Build.0 = Debug|Any CPU
		{9959C0C1-00EE-4332-A63B-099A7D0CD29D}.Release|Any CPU.ActiveCfg = Release|Any CPU
		{9959C0C1-00EE-4332-A63B-099A7D0CD29D}.Release|Any CPU.Build.0 = Release|Any CPU
	EndGlobalSection
	GlobalSection(SolutionProperties) = preSolution
		HideSolutionNode = FALSE
	EndGlobalSection
	GlobalSection(ExtensibilityGlobals) = postSolution
		SolutionGuid = {DCCFFDDF-D28A-4F8C-80E6-44371E7BFFEA}
	EndGlobalSection
EndGlobal
